PODS:
  - Tor (407.13.2):
    - Tor/CTor (= 407.13.2)
  - Tor/Core (407.13.2)
  - Tor/CTor (407.13.2):
    - Tor/Core

DEPENDENCIES:
  - Tor (~> 407.13.2)

SPEC REPOS:
  trunk:
    - Tor

SPEC CHECKSUMS:
  Tor: 7bfe99b1c4a250ca0de56a4873fced120a3b417a

PODFILE CHECKSUM: 4433ed5af08fcef649adc79625e584aa929bc64c

COCOAPODS: 1.11.3
