PODS:
  - Tor (408.10.1):
    - Tor/CTor (= 408.10.1)
  - Tor/Core (408.10.1)
  - Tor/CTor (408.10.1):
    - Tor/Core

DEPENDENCIES:
  - Tor

SPEC REPOS:
  trunk:
    - Tor

SPEC CHECKSUMS:
  Tor: 4aa4aee031f892efa43d1afb01c90565990c6312

PODFILE CHECKSUM: 1db5f0466ce66db287f78093380ee1af3e616ea3

COCOAPODS: 1.14.3
