PODS:
  - Tor (408.11.2):
    - Tor/CTor (= 408.11.2)
  - Tor/Core (408.11.2)
  - Tor/CTor (408.11.2):
    - Tor/Core

DEPENDENCIES:
  - Tor

SPEC REPOS:
  trunk:
    - Tor

SPEC CHECKSUMS:
  Tor: c699393e1f48264cd293fa314bfbcdca5086574c

PODFILE CHECKSUM: 1db5f0466ce66db287f78093380ee1af3e616ea3

COCOAPODS: 1.15.2
